// !$*UTF8*$!
{
	archiveVersion = 1;
	classes = {
	};
	objectVersion = 46;
	objects = {

/* Begin PBXBuildFile section */
		7881B28C1F3C391D00DE44D8 /* AppDelegate.swift in Sources */ = {isa = PBXBuildFile; fileRef = 7881B28B1F3C391D00DE44D8 /* AppDelegate.swift */; };
		7881B28E1F3C391D00DE44D8 /* ViewController.swift in Sources */ = {isa = PBXBuildFile; fileRef = 7881B28D1F3C391D00DE44D8 /* ViewController.swift */; };
		7881B2911F3C391D00DE44D8 /* Main.storyboard in Resources */ = {isa = PBXBuildFile; fileRef = 7881B28F1F3C391D00DE44D8 /* Main.storyboard */; };
		7881B2931F3C391D00DE44D8 /* Assets.xcassets in Resources */ = {isa = PBXBuildFile; fileRef = 7881B2921F3C391D00DE44D8 /* Assets.xcassets */; };
		7881B2961F3C391D00DE44D8 /* LaunchScreen.storyboard in Resources */ = {isa = PBXBuildFile; fileRef = 7881B2941F3C391D00DE44D8 /* LaunchScreen.storyboard */; };
/* End PBXBuildFile section */

/* Begin PBXFileReference section */
		7881B2881F3C391D00DE44D8 /* ConqueringReactiveSwift.app */ = {isa = PBXFileReference; explicitFileType = wrapper.application; includeInIndex = 0; path = ConqueringReactiveSwift.app; sourceTree = BUILT_PRODUCTS_DIR; };
		7881B28B1F3C391D00DE44D8 /* AppDelegate.swift */ = {isa = PBXFileReference; lastKnownFileType = sourcecode.swift; path = AppDelegate.swift; sourceTree = "<group>"; };
		7881B28D1F3C391D00DE44D8 /* ViewController.swift */ = {isa = PBXFileReference; lastKnownFileType = sourcecode.swift; path = ViewController.swift; sourceTree = "<group>"; };
		7881B2901F3C391D00DE44D8 /* Base */ = {isa = PBXFileReference; lastKnownFileType = file.storyboard; name = Base; path = Base.lproj/Main.storyboard; sourceTree = "<group>"; };
		7881B2921F3C391D00DE44D8 /* Assets.xcassets */ = {isa = PBXFileReference; lastKnownFileType = folder.assetcatalog; path = Assets.xcassets; sourceTree = "<group>"; };
		7881B2951F3C391D00DE44D8 /* Base */ = {isa = PBXFileReference; lastKnownFileType = file.storyboard; name = Base; path = Base.lproj/LaunchScreen.storyboard; sourceTree = "<group>"; };
		7881B2971F3C391D00DE44D8 /* Info.plist */ = {isa = PBXFileReference; lastKnownFileType = text.plist.xml; path = Info.plist; sourceTree = "<group>"; };
/* End PBXFileReference section */

/* Begin PBXFrameworksBuildPhase section */
		7881B2851F3C391D00DE44D8 /* Frameworks */ = {
			isa = PBXFrameworksBuildPhase;
			buildActionMask = 2147483647;
			files = (
			);
			runOnlyForDeploymentPostprocessing = 0;
		};
/* End PBXFrameworksBuildPhase section */

/* Begin PBXGroup section */
		7881B27F1F3C391C00DE44D8 = {
			isa = PBXGroup;
			children = (
				7881B28A1F3C391D00DE44D8 /* ConqueringReactiveSwift */,
				7881B2891F3C391D00DE44D8 /* Products */,
			);
			sourceTree = "<group>";
		};
		7881B2891F3C391D00DE44D8 /* Products */ = {
			isa = PBXGroup;
			children = (
				7881B2881F3C391D00DE44D8 /* ConqueringReactiveSwift.app */,
			);
			name = Products;
			sourceTree = "<group>";
		};
		7881B28A1F3C391D00DE44D8 /* ConqueringReactiveSwift */ = {
			isa = PBXGroup;
			children = (
				7881B28B1F3C391D00DE44D8 /* AppDelegate.swift */,
				7881B28D1F3C391D00DE44D8 /* ViewController.swift */,
				7881B28F1F3C391D00DE44D8 /* Main.storyboard */,
				7881B2921F3C391D00DE44D8 /* Assets.xcassets */,
				7881B2941F3C391D00DE44D8 /* LaunchScreen.storyboard */,
				7881B2971F3C391D00DE44D8 /* Info.plist */,
			);
			path = ConqueringReactiveSwift;
			sourceTree = "<group>";
		};
/* End PBXGroup section */

/* Begin PBXNativeTarget section */
		7881B2871F3C391D00DE44D8 /* ConqueringReactiveSwift */ = {
			isa = PBXNativeTarget;
			buildConfigurationList = 7881B29A1F3C391D00DE44D8 /* Build configuration list for PBXNativeTarget "ConqueringReactiveSwift" */;
			buildPhases = (
				7881B2841F3C391D00DE44D8 /* Sources */,
				7881B2851F3C391D00DE44D8 /* Frameworks */,
				7881B2861F3C391D00DE44D8 /* Resources */,
			);
			buildRules = (
			);
			dependencies = (
			);
			name = ConqueringReactiveSwift;
			productName = ConqueringReactiveSwift;
			productReference = 7881B2881F3C391D00DE44D8 /* ConqueringReactiveSwift.app */;
			productType = "com.apple.product-type.application";
		};
/* End PBXNativeTarget section */

/* Begin PBXProject section */
		7881B2801F3C391C00DE44D8 /* Project object */ = {
			isa = PBXProject;
			attributes = {
				LastSwiftUpdateCheck = 0830;
				LastUpgradeCheck = 0830;
				ORGANIZATIONNAME = hsusmita;
				TargetAttributes = {
					7881B2871F3C391D00DE44D8 = {
						CreatedOnToolsVersion = 8.3.3;
						DevelopmentTeam = 9R4XJGH833;
						ProvisioningStyle = Automatic;
					};
				};
			};
			buildConfigurationList = 7881B2831F3C391C00DE44D8 /* Build configuration list for PBXProject "ConqueringReactiveSwift" */;
			compatibilityVersion = "Xcode 3.2";
			developmentRegion = English;
			hasScannedForEncodings = 0;
			knownRegions = (
				en,
				Base,
			);
			mainGroup = 7881B27F1F3C391C00DE44D8;
			productRefGroup = 7881B2891F3C391D00DE44D8 /* Products */;
			projectDirPath = "";
			projectRoot = "";
			targets = (
				7881B2871F3C391D00DE44D8 /* ConqueringReactiveSwift */,
			);
		};
/* End PBXProject section */

/* Begin PBXResourcesBuildPhase section */
		7881B2861F3C391D00DE44D8 /* Resources */ = {
			isa = PBXResourcesBuildPhase;
			buildActionMask = 2147483647;
			files = (
				7881B2961F3C391D00DE44D8 /* LaunchScreen.storyboard in Resources */,
				7881B2931F3C391D00DE44D8 /* Assets.xcassets in Resources */,
				7881B2911F3C391D00DE44D8 /* Main.storyboard in Resources */,
			);
			runOnlyForDeploymentPostprocessing = 0;
		};
/* End PBXResourcesBuildPhase section */

/* Begin PBXSourcesBuildPhase section */
		7881B2841F3C391D00DE44D8 /* Sources */ = {
			isa = PBXSourcesBuildPhase;
			buildActionMask = 2147483647;
			files = (
				7881B28E1F3C391D00DE44D8 /* ViewController.swift in Sources */,
				7881B28C1F3C391D00DE44D8 /* AppDelegate.swift in Sources */,
			);
			runOnlyForDeploymentPostprocessing = 0;
		};
/* End PBXSourcesBuildPhase section */

/* Begin PBXVariantGroup section */
		7881B28F1F3C391D00DE44D8 /* Main.storyboard */ = {
			isa = PBXVariantGroup;
			children = (
				7881B2901F3C391D00DE44D8 /* Base */,
			);
			name = Main.storyboard;
			sourceTree = "<group>";
		};
		7881B2941F3C391D00DE44D8 /* LaunchScreen.storyboard */ = {
			isa = PBXVariantGroup;
			children = (
				7881B2951F3C391D00DE44D8 /* Base */,
			);
			name = LaunchScreen.storyboard;
			sourceTree = "<group>";
		};
/* End PBXVariantGroup section */

/* Begin XCBuildConfiguration section */
		7881B2981F3C391D00DE44D8 /* Debug */ = {
			isa = XCBuildConfiguration;
			buildSettings = {
				ALWAYS_SEARCH_USER_PATHS = NO;
				CLANG_ANALYZER_NONNULL = YES;
				CLANG_ANALYZER_NUMBER_OBJECT_CONVERSION = YES_AGGRESSIVE;
				CLANG_CXX_LANGUAGE_STANDARD = "gnu++0x";
				CLANG_CXX_LIBRARY = "libc++";
				CLANG_ENABLE_MODULES = YES;
				CLANG_ENABLE_OBJC_ARC = YES;
				CLANG_WARN_BOOL_CONVERSION = YES;
				CLANG_WARN_CONSTANT_CONVERSION = YES;
				CLANG_WARN_DIRECT_OBJC_ISA_USAGE = YES_ERROR;
				CLANG_WARN_DOCUMENTATION_COMMENTS = YES;
				CLANG_WARN_EMPTY_BODY = YES;
				CLANG_WARN_ENUM_CONVERSION = YES;
				CLANG_WARN_INFINITE_RECURSION = YES;
				CLANG_WARN_INT_CONVERSION = YES;
				CLANG_WARN_OBJC_ROOT_CLASS = YES_ERROR;
				CLANG_WARN_SUSPICIOUS_MOVE = YES;
				CLANG_WARN_UNREACHABLE_CODE = YES;
				CLANG_WARN__DUPLICATE_METHOD_MATCH = YES;
				"CODE_SIGN_IDENTITY[sdk=iphoneos*]" = "iPhone Developer";
				COPY_PHASE_STRIP = NO;
				DEBUG_INFORMATION_FORMAT = dwarf;
				ENABLE_STRICT_OBJC_MSGSEND = YES;
				ENABLE_TESTABILITY = YES;
				GCC_C_LANGUAGE_STANDARD = gnu99;
				GCC_DYNAMIC_NO_PIC = NO;
				GCC_NO_COMMON_BLOCKS = YES;
				GCC_OPTIMIZATION_LEVEL = 0;
				GCC_PREPROCESSOR_DEFINITIONS = (
					"DEBUG=1",
					"$(inherited)",
				);
				GCC_WARN_64_TO_32_BIT_CONVERSION = YES;
				GCC_WARN_ABOUT_RETURN_TYPE = YES_ERROR;
				GCC_WARN_UNDECLARED_SELECTOR = YES;
				GCC_WARN_UNINITIALIZED_AUTOS = YES_AGGRESSIVE;
				GCC_WARN_UNUSED_FUNCTION = YES;
				GCC_WARN_UNUSED_VARIABLE = YES;
				IPHONEOS_DEPLOYMENT_TARGET = 10.3;
				MTL_ENABLE_DEBUG_INFO = YES;
				ONLY_ACTIVE_ARCH = YES;
				SDKROOT = iphoneos;
				SWIFT_ACTIVE_COMPILATION_CONDITIONS = DEBUG;
				SWIFT_OPTIMIZATION_LEVEL = "-Onone";
			};
			name = Debug;
		};
		7881B2991F3C391D00DE44D8 /* Release */ = {
			isa = XCBuildConfiguration;
			buildSettings = {
				ALWAYS_SEARCH_USER_PATHS = NO;
				CLANG_ANALYZER_NONNULL = YES;
				CLANG_ANALYZER_NUMBER_OBJECT_CONVERSION = YES_AGGRESSIVE;
				CLANG_CXX_LANGUAGE_STANDARD = "gnu++0x";
				CLANG_CXX_LIBRARY = "libc++";
				CLANG_ENABLE_MODULES = YES;
				CLANG_ENABLE_OBJC_ARC = YES;
				CLANG_WARN_BOOL_CONVERSION = YES;
				CLANG_WARN_CONSTANT_CONVERSION = YES;
				CLANG_WARN_DIRECT_OBJC_ISA_USAGE = YES_ERROR;
				CLANG_WARN_DOCUMENTATION_COMMENTS = YES;
				CLANG_WARN_EMPTY_BODY = YES;
				CLANG_WARN_ENUM_CONVERSION = YES;
				CLANG_WARN_INFINITE_RECURSION = YES;
				CLANG_WARN_INT_CONVERSION = YES;
				CLANG_WARN_OBJC_ROOT_CLASS = YES_ERROR;
				CLANG_WARN_SUSPICIOUS_MOVE = YES;
				CLANG_WARN_UNREACHABLE_CODE = YES;
				CLANG_WARN__DUPLICATE_METHOD_MATCH = YES;
				"CODE_SIGN_IDENTITY[sdk=iphoneos*]" = "iPhone Developer";
				COPY_PHASE_STRIP = NO;
				DEBUG_INFORMATION_FORMAT = "dwarf-with-dsym";
				ENABLE_NS_ASSERTIONS = NO;
				ENABLE_STRICT_OBJC_MSGSEND = YES;
				GCC_C_LANGUAGE_STANDARD = gnu99;
				GCC_NO_COMMON_BLOCKS = YES;
				GCC_WARN_64_TO_32_BIT_CONVERSION = YES;
				GCC_WARN_ABOUT_RETURN_TYPE = YES_ERROR;
				GCC_WARN_UNDECLARED_SELECTOR = YES;
				GCC_WARN_UNINITIALIZED_AUTOS = YES_AGGRESSIVE;
				GCC_WARN_UNUSED_FUNCTION = YES;
				GCC_WARN_UNUSED_VARIABLE = YES;
				IPHONEOS_DEPLOYMENT_TARGET = 10.3;
				MTL_ENABLE_DEBUG_INFO = NO;
				SDKROOT = iphoneos;
				SWIFT_OPTIMIZATION_LEVEL = "-Owholemodule";
				VALIDATE_PRODUCT = YES;
			};
			name = Release;
		};
		7881B29B1F3C391D00DE44D8 /* Debug */ = {
			isa = XCBuildConfiguration;
			buildSettings = {
				ASSETCATALOG_COMPILER_APPICON_NAME = AppIcon;
				DEVELOPMENT_TEAM = 9R4XJGH833;
				INFOPLIST_FILE = ConqueringReactiveSwift/Info.plist;
				LD_RUNPATH_SEARCH_PATHS = "$(inherited) @executable_path/Frameworks";
				PRODUCT_BUNDLE_IDENTIFIER = com.hsusmita.ConqueringReactiveSwift;
				PRODUCT_NAME = "$(TARGET_NAME)";
				SWIFT_VERSION = 3.0;
			};
			name = Debug;
		};
		7881B29C1F3C391D00DE44D8 /* Release */ = {
			isa = XCBuildConfiguration;
			buildSettings = {
				ASSETCATALOG_COMPILER_APPICON_NAME = AppIcon;
				DEVELOPMENT_TEAM = 9R4XJGH833;
				INFOPLIST_FILE = ConqueringReactiveSwift/Info.plist;
				LD_RUNPATH_SEARCH_PATHS = "$(inherited) @executable_path/Frameworks";
				PRODUCT_BUNDLE_IDENTIFIER = com.hsusmita.ConqueringReactiveSwift;
				PRODUCT_NAME = "$(TARGET_NAME)";
				SWIFT_VERSION = 3.0;
			};
			name = Release;
		};
/* End XCBuildConfiguration section */

/* Begin XCConfigurationList section */
		7881B2831F3C391C00DE44D8 /* Build configuration list for PBXProject "ConqueringReactiveSwift" */ = {
			isa = XCConfigurationList;
			buildConfigurations = (
				7881B2981F3C391D00DE44D8 /* Debug */,
				7881B2991F3C391D00DE44D8 /* Release */,
			);
			defaultConfigurationIsVisible = 0;
			defaultConfigurationName = Release;
		};
		7881B29A1F3C391D00DE44D8 /* Build configuration list for PBXNativeTarget "ConqueringReactiveSwift" */ = {
			isa = XCConfigurationList;
			buildConfigurations = (
				7881B29B1F3C391D00DE44D8 /* Debug */,
				7881B29C1F3C391D00DE44D8 /* Release */,
			);
			defaultConfigurationIsVisible = 0;
		};
/* End XCConfigurationList section */
	};
	rootObject = 7881B2801F3C391C00DE44D8 /* Project object */;
}
